<Solution>
  <Folder Name="/src/">
    <Project Path="src/Collectify.Api/Collectify.Api.csproj" />
    <Project Path="src/Collectify.Domain/Collectify.Domain.csproj" />
    <Project Path="src/Collectify.Infrastructure/Collectify.Infrastructure.csproj" />
  </Folder>
  <Folder Name="/tests/">
    <Project Path="tests/Collectify.Tests/Collectify.Tests.csproj" />
  </Folder>
</Solution>
